
Microsoft Visual Studio Solution File, Format Version 12.00
# Visual Studio Version 16
VisualStudioVersion = 16.0.31605.320
MinimumVisualStudioVersion = 10.0.40219.1
Project("{FAE04EC0-301F-11D3-BF4B-00C04F79EFBC}") = "Multiply", "CodeWarsSolvedKatas\Multiply.csproj", "{0A5665E6-AC1D-44B9-807B-3C4EB0FDDF3A}"
EndProject
Project("{2150E333-8FDC-42A3-9474-1A3956D46DE8}") = "8thKyu", "8thKyu", "{6B397108-AFB3-4F9C-818B-E83823C20BEA}"
EndProject
Project("{2150E333-8FDC-42A3-9474-1A3956D46DE8}") = "7thKyu", "7thKyu", "{BDB5B1E0-B1E2-435D-82F1-7D7EA48E00FA}"
EndProject
Project("{FAE04EC0-301F-11D3-BF4B-00C04F79EFBC}") = "Jaden Casing Strings", "Jaden Casing Strings\Jaden Casing Strings.csproj", "{47F23BC6-C5A2-4D53-BCF8-FD3CDD19B6A9}"
EndProject
Project("{FAE04EC0-301F-11D3-BF4B-00C04F79EFBC}") = "Sum of two lowest positive integers", "Sum of two lowest positive integers\Sum of two lowest positive integers.csproj", "{C4B8B54A-4294-409A-81F0-A430C9A8E35B}"
EndProject
Project("{FAE04EC0-301F-11D3-BF4B-00C04F79EFBC}") = "Beginner Series 3 Sum of Numbers", "Beginner Series 3 Sum of Numbers\Beginner Series 3 Sum of Numbers.csproj", "{13567E87-100C-44BC-840C-8EF32EC84DD0}"
EndProject
Project("{FAE04EC0-301F-11D3-BF4B-00C04F79EFBC}") = "Mumbling", "Mumbling\Mumbling.csproj", "{0C66604D-A01E-47B0-B402-848F7A27C9F1}"
EndProject
Project("{FAE04EC0-301F-11D3-BF4B-00C04F79EFBC}") = "Square Every Digit", "Square Every Digit\Square Every Digit.csproj", "{98228692-4C94-4A64-91B4-F56551DCDF79}"
EndProject
Project("{FAE04EC0-301F-11D3-BF4B-00C04F79EFBC}") = "You're a square!", "You're a square!\You're a square!.csproj", "{35E3E8F1-6046-4C01-AF4E-18FF09F1F0F9}"
EndProject
Project("{FAE04EC0-301F-11D3-BF4B-00C04F79EFBC}") = "Sum of odd numbers", "Sum of odd numbers\Sum of odd numbers.csproj", "{8A645309-12A7-4B0C-B209-8F3E84A21B93}"
EndProject
Project("{FAE04EC0-301F-11D3-BF4B-00C04F79EFBC}") = "Shortest Word", "Shortest Word\Shortest Word.csproj", "{FF60DBD3-AFCE-41AD-847A-E263C1F02DC6}"
EndProject
Global
	GlobalSection(SolutionConfigurationPlatforms) = preSolution
		Debug|Any CPU = Debug|Any CPU
		Release|Any CPU = Release|Any CPU
	EndGlobalSection
	GlobalSection(ProjectConfigurationPlatforms) = postSolution
		{0A5665E6-AC1D-44B9-807B-3C4EB0FDDF3A}.Debug|Any CPU.ActiveCfg = Debug|Any CPU
		{0A5665E6-AC1D-44B9-807B-3C4EB0FDDF3A}.Debug|Any CPU.Build.0 = Debug|Any CPU
		{0A5665E6-AC1D-44B9-807B-3C4EB0FDDF3A}.Release|Any CPU.ActiveCfg = Release|Any CPU
		{0A5665E6-AC1D-44B9-807B-3C4EB0FDDF3A}.Release|Any CPU.Build.0 = Release|Any CPU
		{47F23BC6-C5A2-4D53-BCF8-FD3CDD19B6A9}.Debug|Any CPU.ActiveCfg = Debug|Any CPU
		{47F23BC6-C5A2-4D53-BCF8-FD3CDD19B6A9}.Debug|Any CPU.Build.0 = Debug|Any CPU
		{47F23BC6-C5A2-4D53-BCF8-FD3CDD19B6A9}.Release|Any CPU.ActiveCfg = Release|Any CPU
		{47F23BC6-C5A2-4D53-BCF8-FD3CDD19B6A9}.Release|Any CPU.Build.0 = Release|Any CPU
		{C4B8B54A-4294-409A-81F0-A430C9A8E35B}.Debug|Any CPU.ActiveCfg = Debug|Any CPU
		{C4B8B54A-4294-409A-81F0-A430C9A8E35B}.Debug|Any CPU.Build.0 = Debug|Any CPU
		{C4B8B54A-4294-409A-81F0-A430C9A8E35B}.Release|Any CPU.ActiveCfg = Release|Any CPU
		{C4B8B54A-4294-409A-81F0-A430C9A8E35B}.Release|Any CPU.Build.0 = Release|Any CPU
		{13567E87-100C-44BC-840C-8EF32EC84DD0}.Debug|Any CPU.ActiveCfg = Debug|Any CPU
		{13567E87-100C-44BC-840C-8EF32EC84DD0}.Debug|Any CPU.Build.0 = Debug|Any CPU
		{13567E87-100C-44BC-840C-8EF32EC84DD0}.Release|Any CPU.ActiveCfg = Release|Any CPU
		{13567E87-100C-44BC-840C-8EF32EC84DD0}.Release|Any CPU.Build.0 = Release|Any CPU
		{0C66604D-A01E-47B0-B402-848F7A27C9F1}.Debug|Any CPU.ActiveCfg = Debug|Any CPU
		{0C66604D-A01E-47B0-B402-848F7A27C9F1}.Debug|Any CPU.Build.0 = Debug|Any CPU
		{0C66604D-A01E-47B0-B402-848F7A27C9F1}.Release|Any CPU.ActiveCfg = Release|Any CPU
		{0C66604D-A01E-47B0-B402-848F7A27C9F1}.Release|Any CPU.Build.0 = Release|Any CPU
		{98228692-4C94-4A64-91B4-F56551DCDF79}.Debug|Any CPU.ActiveCfg = Debug|Any CPU
		{98228692-4C94-4A64-91B4-F56551DCDF79}.Debug|Any CPU.Build.0 = Debug|Any CPU
		{98228692-4C94-4A64-91B4-F56551DCDF79}.Release|Any CPU.ActiveCfg = Release|Any CPU
		{98228692-4C94-4A64-91B4-F56551DCDF79}.Release|Any CPU.Build.0 = Release|Any CPU
		{35E3E8F1-6046-4C01-AF4E-18FF09F1F0F9}.Debug|Any CPU.ActiveCfg = Debug|Any CPU
		{35E3E8F1-6046-4C01-AF4E-18FF09F1F0F9}.Debug|Any CPU.Build.0 = Debug|Any CPU
		{35E3E8F1-6046-4C01-AF4E-18FF09F1F0F9}.Release|Any CPU.ActiveCfg = Release|Any CPU
		{35E3E8F1-6046-4C01-AF4E-18FF09F1F0F9}.Release|Any CPU.Build.0 = Release|Any CPU
		{8A645309-12A7-4B0C-B209-8F3E84A21B93}.Debug|Any CPU.ActiveCfg = Debug|Any CPU
		{8A645309-12A7-4B0C-B209-8F3E84A21B93}.Debug|Any CPU.Build.0 = Debug|Any CPU
		{8A645309-12A7-4B0C-B209-8F3E84A21B93}.Release|Any CPU.ActiveCfg = Release|Any CPU
		{8A645309-12A7-4B0C-B209-8F3E84A21B93}.Release|Any CPU.Build.0 = Release|Any CPU
		{FF60DBD3-AFCE-41AD-847A-E263C1F02DC6}.Debug|Any CPU.ActiveCfg = Debug|Any CPU
		{FF60DBD3-AFCE-41AD-847A-E263C1F02DC6}.Debug|Any CPU.Build.0 = Debug|Any CPU
		{FF60DBD3-AFCE-41AD-847A-E263C1F02DC6}.Release|Any CPU.ActiveCfg = Release|Any CPU
		{FF60DBD3-AFCE-41AD-847A-E263C1F02DC6}.Release|Any CPU.Build.0 = Release|Any CPU
	EndGlobalSection
	GlobalSection(SolutionProperties) = preSolution
		HideSolutionNode = FALSE
	EndGlobalSection
	GlobalSection(NestedProjects) = preSolution
		{0A5665E6-AC1D-44B9-807B-3C4EB0FDDF3A} = {6B397108-AFB3-4F9C-818B-E83823C20BEA}
		{47F23BC6-C5A2-4D53-BCF8-FD3CDD19B6A9} = {BDB5B1E0-B1E2-435D-82F1-7D7EA48E00FA}
		{C4B8B54A-4294-409A-81F0-A430C9A8E35B} = {BDB5B1E0-B1E2-435D-82F1-7D7EA48E00FA}
		{13567E87-100C-44BC-840C-8EF32EC84DD0} = {BDB5B1E0-B1E2-435D-82F1-7D7EA48E00FA}
		{0C66604D-A01E-47B0-B402-848F7A27C9F1} = {BDB5B1E0-B1E2-435D-82F1-7D7EA48E00FA}
		{98228692-4C94-4A64-91B4-F56551DCDF79} = {BDB5B1E0-B1E2-435D-82F1-7D7EA48E00FA}
		{35E3E8F1-6046-4C01-AF4E-18FF09F1F0F9} = {BDB5B1E0-B1E2-435D-82F1-7D7EA48E00FA}
		{8A645309-12A7-4B0C-B209-8F3E84A21B93} = {BDB5B1E0-B1E2-435D-82F1-7D7EA48E00FA}
		{FF60DBD3-AFCE-41AD-847A-E263C1F02DC6} = {BDB5B1E0-B1E2-435D-82F1-7D7EA48E00FA}
	EndGlobalSection
	GlobalSection(ExtensibilityGlobals) = postSolution
		SolutionGuid = {BABCF77E-C5B8-431D-9587-576804C554B9}
	EndGlobalSection
EndGlobal
